
Microsoft Visual Studio Solution File, Format Version 12.00
# Visual Studio 15
VisualStudioVersion = 15.0.28307.645
MinimumVisualStudioVersion = 10.0.40219.1
Project("{FAE04EC0-301F-11D3-BF4B-00C04F79EFBC}") = "IOSLocation", "IOSLocation\IOSLocation.csproj", "{D0B2AFA6-6AFA-4343-9EEE-F1F81CE23E07}"
EndProject
Global
	GlobalSection(SolutionConfigurationPlatforms) = preSolution
		Debug|Any CPU = Debug|Any CPU
		Release|Any CPU = Release|Any CPU
	EndGlobalSection
	GlobalSection(ProjectConfigurationPlatforms) = postSolution
		{D0B2AFA6-6AFA-4343-9EEE-F1F81CE23E07}.Debug|Any CPU.ActiveCfg = Debug|Any CPU
		{D0B2AFA6-6AFA-4343-9EEE-F1F81CE23E07}.Debug|Any CPU.Build.0 = Debug|Any CPU
		{D0B2AFA6-6AFA-4343-9EEE-F1F81CE23E07}.Release|Any CPU.ActiveCfg = Release|Any CPU
		{D0B2AFA6-6AFA-4343-9EEE-F1F81CE23E07}.Release|Any CPU.Build.0 = Release|Any CPU
	EndGlobalSection
	GlobalSection(SolutionProperties) = preSolution
		HideSolutionNode = FALSE
	EndGlobalSection
	GlobalSection(ExtensibilityGlobals) = postSolution
		SolutionGuid = {3762C946-F8E1-4A80-AB43-400EF84F05A7}
	EndGlobalSection
EndGlobal
